{
    "_meta": {
        "hash": {
            "sha256": "ef4e132bb1be13e099c6c19c8a54e8af19c508bd113ab4faa3b0adeb28c212b3"
        },
        "pipfile-spec": 6,
        "requires": {
            "python_version": "3.8"
        },
        "sources": [
            {
                "name": "pypi",
                "url": "https://pypi.org/simple",
                "verify_ssl": true
            }
        ]
    },
    "default": {
        "music-tag": {
            "hashes": [
                "sha256:0aab6e6eeda8df0f5316ec2d2190bd74561b7e03562ab091ce8d5687cdbcfff6"
            ],
            "index": "pypi",
            "version": "==0.4.3"
        },
        "mutagen": {
            "hashes": [
                "sha256:6397602efb3c2d7baebd2166ed85731ae1c1d475abca22090b7141ff5034b3e1",
                "sha256:9c9f243fcec7f410f138cb12c21c84c64fde4195481a30c9bfb05b5f003adfed"
            ],
            "markers": "python_version >= '3.5' and python_version < '4'",
            "version": "==1.45.1"
        }
    },
    "develop": {}
}
